# THIS IS AN AUTOGENERATED FILE. DO NOT EDIT THIS FILE DIRECTLY.
# yarn lockfile v1


"@types/k6@^0.54.2":
  version "0.54.2"
  resolved "https://registry.yarnpkg.com/@types/k6/-/k6-0.54.2.tgz#944d6e20881d0fed3123742654ec8a12e175ea49"
  integrity sha512-B5LPxeQm97JnUTpoKNE1UX9jFp+JiJCAXgZOa2P7aChxVoPQXKfWMzK+739xHq3lPkKj1aV+HeOxkP56g/oWBg==
